// !$*UTF8*$!
{
	archiveVersion = 1;
	classes = {
	};
	objectVersion = 55;
	objects = {

/* Begin PBXBuildFile section */
		2E8C4F351F92F8AB47D68F50 /* Pods_SharingMyWishlist.framework in Frameworks */ = {isa = PBXBuildFile; fileRef = C70771440AB9DE1BAFFD9598 /* Pods_SharingMyWishlist.framework */; };
		4B3D1DC328B4DE1700A55EC7 /* LoginDataModel.swift in Sources */ = {isa = PBXBuildFile; fileRef = 4B3D1DC228B4DE1700A55EC7 /* LoginDataModel.swift */; };
		4B6B535128AA7C3E004FEFCF /* AppDelegate.swift in Sources */ = {isa = PBXBuildFile; fileRef = 4B6B535028AA7C3E004FEFCF /* AppDelegate.swift */; };
		4B6B535328AA7C3E004FEFCF /* SceneDelegate.swift in Sources */ = {isa = PBXBuildFile; fileRef = 4B6B535228AA7C3E004FEFCF /* SceneDelegate.swift */; };
		4B6B535528AA7C3E004FEFCF /* MainViewController.swift in Sources */ = {isa = PBXBuildFile; fileRef = 4B6B535428AA7C3E004FEFCF /* MainViewController.swift */; };
		4B6B535A28AA7C3F004FEFCF /* Assets.xcassets in Resources */ = {isa = PBXBuildFile; fileRef = 4B6B535928AA7C3F004FEFCF /* Assets.xcassets */; };
		4B6B535D28AA7C3F004FEFCF /* LaunchScreen.storyboard in Resources */ = {isa = PBXBuildFile; fileRef = 4B6B535B28AA7C3F004FEFCF /* LaunchScreen.storyboard */; };
		4BA3DC2628B4D266007BFA2D /* header.swift in Sources */ = {isa = PBXBuildFile; fileRef = 4BA3DC2528B4D266007BFA2D /* header.swift */; };
		4BC47EB428B4C09E005C63E2 /* Client.swift in Sources */ = {isa = PBXBuildFile; fileRef = 4BC47EB328B4C09E005C63E2 /* Client.swift */; };
		678ECA4A28ABCBC90092E744 /* LoginViewController.swift in Sources */ = {isa = PBXBuildFile; fileRef = 678ECA4928ABCBC90092E744 /* LoginViewController.swift */; };
		67D9A96D28B36292003FF6B5 /* SignUpViewController.swift in Sources */ = {isa = PBXBuildFile; fileRef = 67D9A96C28B36292003FF6B5 /* SignUpViewController.swift */; };
/* End PBXBuildFile section */

/* Begin PBXFileReference section */
		4B3D1DC228B4DE1700A55EC7 /* LoginDataModel.swift */ = {isa = PBXFileReference; lastKnownFileType = sourcecode.swift; path = LoginDataModel.swift; sourceTree = "<group>"; };
		4B6B534D28AA7C3E004FEFCF /* SharingMyWishlist.app */ = {isa = PBXFileReference; explicitFileType = wrapper.application; includeInIndex = 0; path = SharingMyWishlist.app; sourceTree = BUILT_PRODUCTS_DIR; };
		4B6B535028AA7C3E004FEFCF /* AppDelegate.swift */ = {isa = PBXFileReference; lastKnownFileType = sourcecode.swift; path = AppDelegate.swift; sourceTree = "<group>"; };
		4B6B535228AA7C3E004FEFCF /* SceneDelegate.swift */ = {isa = PBXFileReference; lastKnownFileType = sourcecode.swift; path = SceneDelegate.swift; sourceTree = "<group>"; };
		4B6B535428AA7C3E004FEFCF /* MainViewController.swift */ = {isa = PBXFileReference; lastKnownFileType = sourcecode.swift; path = MainViewController.swift; sourceTree = "<group>"; };
		4B6B535928AA7C3F004FEFCF /* Assets.xcassets */ = {isa = PBXFileReference; lastKnownFileType = folder.assetcatalog; path = Assets.xcassets; sourceTree = "<group>"; };
		4B6B535C28AA7C3F004FEFCF /* Base */ = {isa = PBXFileReference; lastKnownFileType = file.storyboard; name = Base; path = Base.lproj/LaunchScreen.storyboard; sourceTree = "<group>"; };
		4B6B535E28AA7C3F004FEFCF /* Info.plist */ = {isa = PBXFileReference; lastKnownFileType = text.plist.xml; path = Info.plist; sourceTree = "<group>"; };
		4BA3DC2528B4D266007BFA2D /* header.swift */ = {isa = PBXFileReference; lastKnownFileType = sourcecode.swift; path = header.swift; sourceTree = "<group>"; };
		4BC47EB328B4C09E005C63E2 /* Client.swift */ = {isa = PBXFileReference; lastKnownFileType = sourcecode.swift; path = Client.swift; sourceTree = "<group>"; };
		678ECA4928ABCBC90092E744 /* LoginViewController.swift */ = {isa = PBXFileReference; lastKnownFileType = sourcecode.swift; path = LoginViewController.swift; sourceTree = "<group>"; };
		67D9A96C28B36292003FF6B5 /* SignUpViewController.swift */ = {isa = PBXFileReference; lastKnownFileType = sourcecode.swift; path = SignUpViewController.swift; sourceTree = "<group>"; };
		94F0C6DEC760004801553F21 /* Pods-SharingMyWishlist.release.xcconfig */ = {isa = PBXFileReference; includeInIndex = 1; lastKnownFileType = text.xcconfig; name = "Pods-SharingMyWishlist.release.xcconfig"; path = "Target Support Files/Pods-SharingMyWishlist/Pods-SharingMyWishlist.release.xcconfig"; sourceTree = "<group>"; };
		B502297C79B3F731D7517E81 /* Pods-SharingMyWishlist.debug.xcconfig */ = {isa = PBXFileReference; includeInIndex = 1; lastKnownFileType = text.xcconfig; name = "Pods-SharingMyWishlist.debug.xcconfig"; path = "Target Support Files/Pods-SharingMyWishlist/Pods-SharingMyWishlist.debug.xcconfig"; sourceTree = "<group>"; };
		C70771440AB9DE1BAFFD9598 /* Pods_SharingMyWishlist.framework */ = {isa = PBXFileReference; explicitFileType = wrapper.framework; includeInIndex = 0; path = Pods_SharingMyWishlist.framework; sourceTree = BUILT_PRODUCTS_DIR; };
/* End PBXFileReference section */

/* Begin PBXFrameworksBuildPhase section */
		4B6B534A28AA7C3E004FEFCF /* Frameworks */ = {
			isa = PBXFrameworksBuildPhase;
			buildActionMask = 2147483647;
			files = (
				2E8C4F351F92F8AB47D68F50 /* Pods_SharingMyWishlist.framework in Frameworks */,
			);
			runOnlyForDeploymentPostprocessing = 0;
		};
/* End PBXFrameworksBuildPhase section */

/* Begin PBXGroup section */
		4B3D1DC128B4DD2200A55EC7 /* Model */ = {
			isa = PBXGroup;
			children = (
				4B3D1DC228B4DE1700A55EC7 /* LoginDataModel.swift */,
			);
			path = Model;
			sourceTree = "<group>";
		};
		4B6B534428AA7C3E004FEFCF = {
			isa = PBXGroup;
			children = (
				4B6B534F28AA7C3E004FEFCF /* SharingMyWishlist */,
				4B6B534E28AA7C3E004FEFCF /* Products */,
				DBF697C1124024F5D7C08087 /* Pods */,
				590312FAB926DC70E5583AFF /* Frameworks */,
			);
			sourceTree = "<group>";
		};
		4B6B534E28AA7C3E004FEFCF /* Products */ = {
			isa = PBXGroup;
			children = (
				4B6B534D28AA7C3E004FEFCF /* SharingMyWishlist.app */,
			);
			name = Products;
			sourceTree = "<group>";
		};
		4B6B534F28AA7C3E004FEFCF /* SharingMyWishlist */ = {
			isa = PBXGroup;
			children = (
				4B3D1DC128B4DD2200A55EC7 /* Model */,
				4BC47EB528B4C7A9005C63E2 /* Header */,
				4BC47EB228B4C083005C63E2 /* HttpClient */,
				4B6B535028AA7C3E004FEFCF /* AppDelegate.swift */,
				4B6B535228AA7C3E004FEFCF /* SceneDelegate.swift */,
				4B6B535428AA7C3E004FEFCF /* MainViewController.swift */,
				678ECA4928ABCBC90092E744 /* LoginViewController.swift */,
				67D9A96C28B36292003FF6B5 /* SignUpViewController.swift */,
				4B6B535928AA7C3F004FEFCF /* Assets.xcassets */,
				4B6B535B28AA7C3F004FEFCF /* LaunchScreen.storyboard */,
				4B6B535E28AA7C3F004FEFCF /* Info.plist */,
			);
			path = SharingMyWishlist;
			sourceTree = "<group>";
		};
		4BC47EB228B4C083005C63E2 /* HttpClient */ = {
			isa = PBXGroup;
			children = (
				4BC47EB328B4C09E005C63E2 /* Client.swift */,
			);
			path = HttpClient;
			sourceTree = "<group>";
		};
		4BC47EB528B4C7A9005C63E2 /* Header */ = {
			isa = PBXGroup;
			children = (
				4BA3DC2528B4D266007BFA2D /* header.swift */,
			);
			path = Header;
			sourceTree = "<group>";
		};
		590312FAB926DC70E5583AFF /* Frameworks */ = {
			isa = PBXGroup;
			children = (
				C70771440AB9DE1BAFFD9598 /* Pods_SharingMyWishlist.framework */,
			);
			name = Frameworks;
			sourceTree = "<group>";
		};
		DBF697C1124024F5D7C08087 /* Pods */ = {
			isa = PBXGroup;
			children = (
				B502297C79B3F731D7517E81 /* Pods-SharingMyWishlist.debug.xcconfig */,
				94F0C6DEC760004801553F21 /* Pods-SharingMyWishlist.release.xcconfig */,
			);
			path = Pods;
			sourceTree = "<group>";
		};
/* End PBXGroup section */

/* Begin PBXNativeTarget section */
		4B6B534C28AA7C3E004FEFCF /* SharingMyWishlist */ = {
			isa = PBXNativeTarget;
			buildConfigurationList = 4B6B536128AA7C3F004FEFCF /* Build configuration list for PBXNativeTarget "SharingMyWishlist" */;
			buildPhases = (
				3E244BB06A1692644332B21E /* [CP] Check Pods Manifest.lock */,
				4B6B534928AA7C3E004FEFCF /* Sources */,
				4B6B534A28AA7C3E004FEFCF /* Frameworks */,
				4B6B534B28AA7C3E004FEFCF /* Resources */,
				330772CE3C8A08E64A1F139D /* [CP] Embed Pods Frameworks */,
			);
			buildRules = (
			);
			dependencies = (
			);
			name = SharingMyWishlist;
			productName = SharingMyWishlist;
			productReference = 4B6B534D28AA7C3E004FEFCF /* SharingMyWishlist.app */;
			productType = "com.apple.product-type.application";
		};
/* End PBXNativeTarget section */

/* Begin PBXProject section */
		4B6B534528AA7C3E004FEFCF /* Project object */ = {
			isa = PBXProject;
			attributes = {
				BuildIndependentTargetsInParallel = 1;
				LastSwiftUpdateCheck = 1340;
				LastUpgradeCheck = 1340;
				TargetAttributes = {
					4B6B534C28AA7C3E004FEFCF = {
						CreatedOnToolsVersion = 13.4;
					};
				};
			};
			buildConfigurationList = 4B6B534828AA7C3E004FEFCF /* Build configuration list for PBXProject "SharingMyWishlist" */;
			compatibilityVersion = "Xcode 13.0";
			developmentRegion = en;
			hasScannedForEncodings = 0;
			knownRegions = (
				en,
				Base,
			);
			mainGroup = 4B6B534428AA7C3E004FEFCF;
			productRefGroup = 4B6B534E28AA7C3E004FEFCF /* Products */;
			projectDirPath = "";
			projectRoot = "";
			targets = (
				4B6B534C28AA7C3E004FEFCF /* SharingMyWishlist */,
			);
		};
/* End PBXProject section */

/* Begin PBXResourcesBuildPhase section */
		4B6B534B28AA7C3E004FEFCF /* Resources */ = {
			isa = PBXResourcesBuildPhase;
			buildActionMask = 2147483647;
			files = (
				4B6B535D28AA7C3F004FEFCF /* LaunchScreen.storyboard in Resources */,
				4B6B535A28AA7C3F004FEFCF /* Assets.xcassets in Resources */,
			);
			runOnlyForDeploymentPostprocessing = 0;
		};
/* End PBXResourcesBuildPhase section */

/* Begin PBXShellScriptBuildPhase section */
		330772CE3C8A08E64A1F139D /* [CP] Embed Pods Frameworks */ = {
			isa = PBXShellScriptBuildPhase;
			buildActionMask = 2147483647;
			files = (
			);
			inputFileListPaths = (
				"${PODS_ROOT}/Target Support Files/Pods-SharingMyWishlist/Pods-SharingMyWishlist-frameworks-${CONFIGURATION}-input-files.xcfilelist",
			);
			name = "[CP] Embed Pods Frameworks";
			outputFileListPaths = (
				"${PODS_ROOT}/Target Support Files/Pods-SharingMyWishlist/Pods-SharingMyWishlist-frameworks-${CONFIGURATION}-output-files.xcfilelist",
			);
			runOnlyForDeploymentPostprocessing = 0;
			shellPath = /bin/sh;
			shellScript = "\"${PODS_ROOT}/Target Support Files/Pods-SharingMyWishlist/Pods-SharingMyWishlist-frameworks.sh\"\n";
			showEnvVarsInLog = 0;
		};
		3E244BB06A1692644332B21E /* [CP] Check Pods Manifest.lock */ = {
			isa = PBXShellScriptBuildPhase;
			buildActionMask = 2147483647;
			files = (
			);
			inputFileListPaths = (
			);
			inputPaths = (
				"${PODS_PODFILE_DIR_PATH}/Podfile.lock",
				"${PODS_ROOT}/Manifest.lock",
			);
			name = "[CP] Check Pods Manifest.lock";
			outputFileListPaths = (
			);
			outputPaths = (
				"$(DERIVED_FILE_DIR)/Pods-SharingMyWishlist-checkManifestLockResult.txt",
			);
			runOnlyForDeploymentPostprocessing = 0;
			shellPath = /bin/sh;
			shellScript = "diff \"${PODS_PODFILE_DIR_PATH}/Podfile.lock\" \"${PODS_ROOT}/Manifest.lock\" > /dev/null\nif [ $? != 0 ] ; then\n    # print error to STDERR\n    echo \"error: The sandbox is not in sync with the Podfile.lock. Run 'pod install' or update your CocoaPods installation.\" >&2\n    exit 1\nfi\n# This output is used by Xcode 'outputs' to avoid re-running this script phase.\necho \"SUCCESS\" > \"${SCRIPT_OUTPUT_FILE_0}\"\n";
			showEnvVarsInLog = 0;
		};
/* End PBXShellScriptBuildPhase section */

/* Begin PBXSourcesBuildPhase section */
		4B6B534928AA7C3E004FEFCF /* Sources */ = {
			isa = PBXSourcesBuildPhase;
			buildActionMask = 2147483647;
			files = (
				678ECA4A28ABCBC90092E744 /* LoginViewController.swift in Sources */,
				4B6B535528AA7C3E004FEFCF /* MainViewController.swift in Sources */,
				4BC47EB428B4C09E005C63E2 /* Client.swift in Sources */,
				4B3D1DC328B4DE1700A55EC7 /* LoginDataModel.swift in Sources */,
				4B6B535128AA7C3E004FEFCF /* AppDelegate.swift in Sources */,
				4BA3DC2628B4D266007BFA2D /* header.swift in Sources */,
				4B6B535328AA7C3E004FEFCF /* SceneDelegate.swift in Sources */,
				67D9A96D28B36292003FF6B5 /* SignUpViewController.swift in Sources */,
			);
			runOnlyForDeploymentPostprocessing = 0;
		};
/* End PBXSourcesBuildPhase section */

/* Begin PBXVariantGroup section */
		4B6B535B28AA7C3F004FEFCF /* LaunchScreen.storyboard */ = {
			isa = PBXVariantGroup;
			children = (
				4B6B535C28AA7C3F004FEFCF /* Base */,
			);
			name = LaunchScreen.storyboard;
			sourceTree = "<group>";
		};
/* End PBXVariantGroup section */

/* Begin XCBuildConfiguration section */
		4B6B535F28AA7C3F004FEFCF /* Debug */ = {
			isa = XCBuildConfiguration;
			buildSettings = {
				ALWAYS_SEARCH_USER_PATHS = NO;
				CLANG_ANALYZER_NONNULL = YES;
				CLANG_ANALYZER_NUMBER_OBJECT_CONVERSION = YES_AGGRESSIVE;
				CLANG_CXX_LANGUAGE_STANDARD = "gnu++17";
				CLANG_ENABLE_MODULES = YES;
				CLANG_ENABLE_OBJC_ARC = YES;
				CLANG_ENABLE_OBJC_WEAK = YES;
				CLANG_WARN_BLOCK_CAPTURE_AUTORELEASING = YES;
				CLANG_WARN_BOOL_CONVERSION = YES;
				CLANG_WARN_COMMA = YES;
				CLANG_WARN_CONSTANT_CONVERSION = YES;
				CLANG_WARN_DEPRECATED_OBJC_IMPLEMENTATIONS = YES;
				CLANG_WARN_DIRECT_OBJC_ISA_USAGE = YES_ERROR;
				CLANG_WARN_DOCUMENTATION_COMMENTS = YES;
				CLANG_WARN_EMPTY_BODY = YES;
				CLANG_WARN_ENUM_CONVERSION = YES;
				CLANG_WARN_INFINITE_RECURSION = YES;
				CLANG_WARN_INT_CONVERSION = YES;
				CLANG_WARN_NON_LITERAL_NULL_CONVERSION = YES;
				CLANG_WARN_OBJC_IMPLICIT_RETAIN_SELF = YES;
				CLANG_WARN_OBJC_LITERAL_CONVERSION = YES;
				CLANG_WARN_OBJC_ROOT_CLASS = YES_ERROR;
				CLANG_WARN_QUOTED_INCLUDE_IN_FRAMEWORK_HEADER = YES;
				CLANG_WARN_RANGE_LOOP_ANALYSIS = YES;
				CLANG_WARN_STRICT_PROTOTYPES = YES;
				CLANG_WARN_SUSPICIOUS_MOVE = YES;
				CLANG_WARN_UNGUARDED_AVAILABILITY = YES_AGGRESSIVE;
				CLANG_WARN_UNREACHABLE_CODE = YES;
				CLANG_WARN__DUPLICATE_METHOD_MATCH = YES;
				COPY_PHASE_STRIP = NO;
				DEBUG_INFORMATION_FORMAT = dwarf;
				ENABLE_STRICT_OBJC_MSGSEND = YES;
				ENABLE_TESTABILITY = YES;
				GCC_C_LANGUAGE_STANDARD = gnu11;
				GCC_DYNAMIC_NO_PIC = NO;
				GCC_NO_COMMON_BLOCKS = YES;
				GCC_OPTIMIZATION_LEVEL = 0;
				GCC_PREPROCESSOR_DEFINITIONS = (
					"DEBUG=1",
					"$(inherited)",
				);
				GCC_WARN_64_TO_32_BIT_CONVERSION = YES;
				GCC_WARN_ABOUT_RETURN_TYPE = YES_ERROR;
				GCC_WARN_UNDECLARED_SELECTOR = YES;
				GCC_WARN_UNINITIALIZED_AUTOS = YES_AGGRESSIVE;
				GCC_WARN_UNUSED_FUNCTION = YES;
				GCC_WARN_UNUSED_VARIABLE = YES;
				IPHONEOS_DEPLOYMENT_TARGET = 15.5;
				MTL_ENABLE_DEBUG_INFO = INCLUDE_SOURCE;
				MTL_FAST_MATH = YES;
				ONLY_ACTIVE_ARCH = YES;
				SDKROOT = iphoneos;
				SWIFT_ACTIVE_COMPILATION_CONDITIONS = DEBUG;
				SWIFT_OPTIMIZATION_LEVEL = "-Onone";
			};
			name = Debug;
		};
		4B6B536028AA7C3F004FEFCF /* Release */ = {
			isa = XCBuildConfiguration;
			buildSettings = {
				ALWAYS_SEARCH_USER_PATHS = NO;
				CLANG_ANALYZER_NONNULL = YES;
				CLANG_ANALYZER_NUMBER_OBJECT_CONVERSION = YES_AGGRESSIVE;
				CLANG_CXX_LANGUAGE_STANDARD = "gnu++17";
				CLANG_ENABLE_MODULES = YES;
				CLANG_ENABLE_OBJC_ARC = YES;
				CLANG_ENABLE_OBJC_WEAK = YES;
				CLANG_WARN_BLOCK_CAPTURE_AUTORELEASING = YES;
				CLANG_WARN_BOOL_CONVERSION = YES;
				CLANG_WARN_COMMA = YES;
				CLANG_WARN_CONSTANT_CONVERSION = YES;
				CLANG_WARN_DEPRECATED_OBJC_IMPLEMENTATIONS = YES;
				CLANG_WARN_DIRECT_OBJC_ISA_USAGE = YES_ERROR;
				CLANG_WARN_DOCUMENTATION_COMMENTS = YES;
				CLANG_WARN_EMPTY_BODY = YES;
				CLANG_WARN_ENUM_CONVERSION = YES;
				CLANG_WARN_INFINITE_RECURSION = YES;
				CLANG_WARN_INT_CONVERSION = YES;
				CLANG_WARN_NON_LITERAL_NULL_CONVERSION = YES;
				CLANG_WARN_OBJC_IMPLICIT_RETAIN_SELF = YES;
				CLANG_WARN_OBJC_LITERAL_CONVERSION = YES;
				CLANG_WARN_OBJC_ROOT_CLASS = YES_ERROR;
				CLANG_WARN_QUOTED_INCLUDE_IN_FRAMEWORK_HEADER = YES;
				CLANG_WARN_RANGE_LOOP_ANALYSIS = YES;
				CLANG_WARN_STRICT_PROTOTYPES = YES;
				CLANG_WARN_SUSPICIOUS_MOVE = YES;
				CLANG_WARN_UNGUARDED_AVAILABILITY = YES_AGGRESSIVE;
				CLANG_WARN_UNREACHABLE_CODE = YES;
				CLANG_WARN__DUPLICATE_METHOD_MATCH = YES;
				COPY_PHASE_STRIP = NO;
				DEBUG_INFORMATION_FORMAT = "dwarf-with-dsym";
				ENABLE_NS_ASSERTIONS = NO;
				ENABLE_STRICT_OBJC_MSGSEND = YES;
				GCC_C_LANGUAGE_STANDARD = gnu11;
				GCC_NO_COMMON_BLOCKS = YES;
				GCC_WARN_64_TO_32_BIT_CONVERSION = YES;
				GCC_WARN_ABOUT_RETURN_TYPE = YES_ERROR;
				GCC_WARN_UNDECLARED_SELECTOR = YES;
				GCC_WARN_UNINITIALIZED_AUTOS = YES_AGGRESSIVE;
				GCC_WARN_UNUSED_FUNCTION = YES;
				GCC_WARN_UNUSED_VARIABLE = YES;
				IPHONEOS_DEPLOYMENT_TARGET = 15.5;
				MTL_ENABLE_DEBUG_INFO = NO;
				MTL_FAST_MATH = YES;
				SDKROOT = iphoneos;
				SWIFT_COMPILATION_MODE = wholemodule;
				SWIFT_OPTIMIZATION_LEVEL = "-O";
				VALIDATE_PRODUCT = YES;
			};
			name = Release;
		};
		4B6B536228AA7C3F004FEFCF /* Debug */ = {
			isa = XCBuildConfiguration;
			baseConfigurationReference = B502297C79B3F731D7517E81 /* Pods-SharingMyWishlist.debug.xcconfig */;
			buildSettings = {
				ASSETCATALOG_COMPILER_APPICON_NAME = AppIcon;
				ASSETCATALOG_COMPILER_GLOBAL_ACCENT_COLOR_NAME = AccentColor;
				CODE_SIGN_STYLE = Automatic;
				CURRENT_PROJECT_VERSION = 1;
				DEVELOPMENT_TEAM = 629Q9H7922;
				GENERATE_INFOPLIST_FILE = YES;
				INFOPLIST_FILE = SharingMyWishlist/Info.plist;
				INFOPLIST_KEY_UIApplicationSupportsIndirectInputEvents = YES;
				INFOPLIST_KEY_UILaunchStoryboardName = LaunchScreen;
				INFOPLIST_KEY_UISupportedInterfaceOrientations_iPad = "UIInterfaceOrientationPortrait UIInterfaceOrientationPortraitUpsideDown UIInterfaceOrientationLandscapeLeft UIInterfaceOrientationLandscapeRight";
				INFOPLIST_KEY_UISupportedInterfaceOrientations_iPhone = "UIInterfaceOrientationPortrait UIInterfaceOrientationLandscapeLeft UIInterfaceOrientationLandscapeRight";
				LD_RUNPATH_SEARCH_PATHS = (
					"$(inherited)",
					"@executable_path/Frameworks",
				);
				MARKETING_VERSION = 1.0;
				PRODUCT_BUNDLE_IDENTIFIER = BJCHO0501.SharingMyWishlist;
				PRODUCT_NAME = "$(TARGET_NAME)";
				SWIFT_EMIT_LOC_STRINGS = YES;
				SWIFT_VERSION = 5.0;
				TARGETED_DEVICE_FAMILY = "1,2";
			};
			name = Debug;
		};
		4B6B536328AA7C3F004FEFCF /* Release */ = {
			isa = XCBuildConfiguration;
			baseConfigurationReference = 94F0C6DEC760004801553F21 /* Pods-SharingMyWishlist.release.xcconfig */;
			buildSettings = {
				ASSETCATALOG_COMPILER_APPICON_NAME = AppIcon;
				ASSETCATALOG_COMPILER_GLOBAL_ACCENT_COLOR_NAME = AccentColor;
				CODE_SIGN_STYLE = Automatic;
				CURRENT_PROJECT_VERSION = 1;
				DEVELOPMENT_TEAM = 629Q9H7922;
				GENERATE_INFOPLIST_FILE = YES;
				INFOPLIST_FILE = SharingMyWishlist/Info.plist;
				INFOPLIST_KEY_UIApplicationSupportsIndirectInputEvents = YES;
				INFOPLIST_KEY_UILaunchStoryboardName = LaunchScreen;
				INFOPLIST_KEY_UISupportedInterfaceOrientations_iPad = "UIInterfaceOrientationPortrait UIInterfaceOrientationPortraitUpsideDown UIInterfaceOrientationLandscapeLeft UIInterfaceOrientationLandscapeRight";
				INFOPLIST_KEY_UISupportedInterfaceOrientations_iPhone = "UIInterfaceOrientationPortrait UIInterfaceOrientationLandscapeLeft UIInterfaceOrientationLandscapeRight";
				LD_RUNPATH_SEARCH_PATHS = (
					"$(inherited)",
					"@executable_path/Frameworks",
				);
				MARKETING_VERSION = 1.0;
				PRODUCT_BUNDLE_IDENTIFIER = BJCHO0501.SharingMyWishlist;
				PRODUCT_NAME = "$(TARGET_NAME)";
				SWIFT_EMIT_LOC_STRINGS = YES;
				SWIFT_VERSION = 5.0;
				TARGETED_DEVICE_FAMILY = "1,2";
			};
			name = Release;
		};
/* End XCBuildConfiguration section */

/* Begin XCConfigurationList section */
		4B6B534828AA7C3E004FEFCF /* Build configuration list for PBXProject "SharingMyWishlist" */ = {
			isa = XCConfigurationList;
			buildConfigurations = (
				4B6B535F28AA7C3F004FEFCF /* Debug */,
				4B6B536028AA7C3F004FEFCF /* Release */,
			);
			defaultConfigurationIsVisible = 0;
			defaultConfigurationName = Release;
		};
		4B6B536128AA7C3F004FEFCF /* Build configuration list for PBXNativeTarget "SharingMyWishlist" */ = {
			isa = XCConfigurationList;
			buildConfigurations = (
				4B6B536228AA7C3F004FEFCF /* Debug */,
				4B6B536328AA7C3F004FEFCF /* Release */,
			);
			defaultConfigurationIsVisible = 0;
			defaultConfigurationName = Release;
		};
/* End XCConfigurationList section */
	};
	rootObject = 4B6B534528AA7C3E004FEFCF /* Project object */;
}
